// !$*UTF8*$!
{
	archiveVersion = 1;
	classes = {
	};
	objectVersion = 46;
	objects = {

/* Begin PBXBuildFile section */
		507B098C1C8C927000D324DF /* AppDelegate.swift in Sources */ = {isa = PBXBuildFile; fileRef = 507B098B1C8C927000D324DF /* AppDelegate.swift */; };
		507B098E1C8C927000D324DF /* ViewController.swift in Sources */ = {isa = PBXBuildFile; fileRef = 507B098D1C8C927000D324DF /* ViewController.swift */; };
		507B09911C8C927000D324DF /* Main.storyboard in Resources */ = {isa = PBXBuildFile; fileRef = 507B098F1C8C927000D324DF /* Main.storyboard */; };
		507B09931C8C927000D324DF /* Assets.xcassets in Resources */ = {isa = PBXBuildFile; fileRef = 507B09921C8C927000D324DF /* Assets.xcassets */; };
		507B09961C8C927000D324DF /* LaunchScreen.storyboard in Resources */ = {isa = PBXBuildFile; fileRef = 507B09941C8C927000D324DF /* LaunchScreen.storyboard */; };
/* End PBXBuildFile section */

/* Begin PBXFileReference section */
		507B09881C8C927000D324DF /* Tapper-demo.app */ = {isa = PBXFileReference; explicitFileType = wrapper.application; includeInIndex = 0; path = "Tapper-demo.app"; sourceTree = BUILT_PRODUCTS_DIR; };
		507B098B1C8C927000D324DF /* AppDelegate.swift */ = {isa = PBXFileReference; lastKnownFileType = sourcecode.swift; path = AppDelegate.swift; sourceTree = "<group>"; };
		507B098D1C8C927000D324DF /* ViewController.swift */ = {isa = PBXFileReference; lastKnownFileType = sourcecode.swift; path = ViewController.swift; sourceTree = "<group>"; };
		507B09901C8C927000D324DF /* Base */ = {isa = PBXFileReference; lastKnownFileType = file.storyboard; name = Base; path = Base.lproj/Main.storyboard; sourceTree = "<group>"; };
		507B09921C8C927000D324DF /* Assets.xcassets */ = {isa = PBXFileReference; lastKnownFileType = folder.assetcatalog; path = Assets.xcassets; sourceTree = "<group>"; };
		507B09951C8C927000D324DF /* Base */ = {isa = PBXFileReference; lastKnownFileType = file.storyboard; name = Base; path = Base.lproj/LaunchScreen.storyboard; sourceTree = "<group>"; };
		507B09971C8C927000D324DF /* Info.plist */ = {isa = PBXFileReference; lastKnownFileType = text.plist.xml; path = Info.plist; sourceTree = "<group>"; };
/* End PBXFileReference section */

/* Begin PBXFrameworksBuildPhase section */
		507B09851C8C926F00D324DF /* Frameworks */ = {
			isa = PBXFrameworksBuildPhase;
			buildActionMask = 2147483647;
			files = (
			);
			runOnlyForDeploymentPostprocessing = 0;
		};
/* End PBXFrameworksBuildPhase section */

/* Begin PBXGroup section */
		507B097F1C8C926F00D324DF = {
			isa = PBXGroup;
			children = (
				507B098A1C8C927000D324DF /* Tapper-demo */,
				507B09891C8C927000D324DF /* Products */,
			);
			sourceTree = "<group>";
		};
		507B09891C8C927000D324DF /* Products */ = {
			isa = PBXGroup;
			children = (
				507B09881C8C927000D324DF /* Tapper-demo.app */,
			);
			name = Products;
			sourceTree = "<group>";
		};
		507B098A1C8C927000D324DF /* Tapper-demo */ = {
			isa = PBXGroup;
			children = (
				507B098B1C8C927000D324DF /* AppDelegate.swift */,
				507B098D1C8C927000D324DF /* ViewController.swift */,
				507B098F1C8C927000D324DF /* Main.storyboard */,
				507B09921C8C927000D324DF /* Assets.xcassets */,
				507B09941C8C927000D324DF /* LaunchScreen.storyboard */,
				507B09971C8C927000D324DF /* Info.plist */,
			);
			path = "Tapper-demo";
			sourceTree = "<group>";
		};
/* End PBXGroup section */

/* Begin PBXNativeTarget section */
		507B09871C8C926F00D324DF /* Tapper-demo */ = {
			isa = PBXNativeTarget;
			buildConfigurationList = 507B099A1C8C927000D324DF /* Build configuration list for PBXNativeTarget "Tapper-demo" */;
			buildPhases = (
				507B09841C8C926F00D324DF /* Sources */,
				507B09851C8C926F00D324DF /* Frameworks */,
				507B09861C8C926F00D324DF /* Resources */,
			);
			buildRules = (
			);
			dependencies = (
			);
			name = "Tapper-demo";
			productName = "Tapper-demo";
			productReference = 507B09881C8C927000D324DF /* Tapper-demo.app */;
			productType = "com.apple.product-type.application";
		};
/* End PBXNativeTarget section */

/* Begin PBXProject section */
		507B09801C8C926F00D324DF /* Project object */ = {
			isa = PBXProject;
			attributes = {
				LastSwiftUpdateCheck = 0730;
				LastUpgradeCheck = 0730;
				ORGANIZATIONNAME = "Faraazuddin Mohammed";
				TargetAttributes = {
					507B09871C8C926F00D324DF = {
						CreatedOnToolsVersion = 7.3;
						DevelopmentTeam = YXHV2289CR;
					};
				};
			};
			buildConfigurationList = 507B09831C8C926F00D324DF /* Build configuration list for PBXProject "Tapper-demo" */;
			compatibilityVersion = "Xcode 3.2";
			developmentRegion = English;
			hasScannedForEncodings = 0;
			knownRegions = (
				en,
				Base,
			);
			mainGroup = 507B097F1C8C926F00D324DF;
			productRefGroup = 507B09891C8C927000D324DF /* Products */;
			projectDirPath = "";
			projectRoot = "";
			targets = (
				507B09871C8C926F00D324DF /* Tapper-demo */,
			);
		};
/* End PBXProject section */

/* Begin PBXResourcesBuildPhase section */
		507B09861C8C926F00D324DF /* Resources */ = {
			isa = PBXResourcesBuildPhase;
			buildActionMask = 2147483647;
			files = (
				507B09961C8C927000D324DF /* LaunchScreen.storyboard in Resources */,
				507B09931C8C927000D324DF /* Assets.xcassets in Resources */,
				507B09911C8C927000D324DF /* Main.storyboard in Resources */,
			);
			runOnlyForDeploymentPostprocessing = 0;
		};
/* End PBXResourcesBuildPhase section */

/* Begin PBXSourcesBuildPhase section */
		507B09841C8C926F00D324DF /* Sources */ = {
			isa = PBXSourcesBuildPhase;
			buildActionMask = 2147483647;
			files = (
				507B098E1C8C927000D324DF /* ViewController.swift in Sources */,
				507B098C1C8C927000D324DF /* AppDelegate.swift in Sources */,
			);
			runOnlyForDeploymentPostprocessing = 0;
		};
/* End PBXSourcesBuildPhase section */

/* Begin PBXVariantGroup section */
		507B098F1C8C927000D324DF /* Main.storyboard */ = {
			isa = PBXVariantGroup;
			children = (
				507B09901C8C927000D324DF /* Base */,
			);
			name = Main.storyboard;
			sourceTree = "<group>";
		};
		507B09941C8C927000D324DF /* LaunchScreen.storyboard */ = {
			isa = PBXVariantGroup;
			children = (
				507B09951C8C927000D324DF /* Base */,
			);
			name = LaunchScreen.storyboard;
			sourceTree = "<group>";
		};
/* End PBXVariantGroup section */

/* Begin XCBuildConfiguration section */
		507B09981C8C927000D324DF /* Debug */ = {
			isa = XCBuildConfiguration;
			buildSettings = {
				ALWAYS_SEARCH_USER_PATHS = NO;
				CLANG_ANALYZER_NONNULL = YES;
				CLANG_CXX_LANGUAGE_STANDARD = "gnu++0x";
				CLANG_CXX_LIBRARY = "libc++";
				CLANG_ENABLE_MODULES = YES;
				CLANG_ENABLE_OBJC_ARC = YES;
				CLANG_WARN_BOOL_CONVERSION = YES;
				CLANG_WARN_CONSTANT_CONVERSION = YES;
				CLANG_WARN_DIRECT_OBJC_ISA_USAGE = YES_ERROR;
				CLANG_WARN_EMPTY_BODY = YES;
				CLANG_WARN_ENUM_CONVERSION = YES;
				CLANG_WARN_INT_CONVERSION = YES;
				CLANG_WARN_OBJC_ROOT_CLASS = YES_ERROR;
				CLANG_WARN_UNREACHABLE_CODE = YES;
				CLANG_WARN__DUPLICATE_METHOD_MATCH = YES;
				"CODE_SIGN_IDENTITY[sdk=iphoneos*]" = "iPhone Developer";
				COPY_PHASE_STRIP = NO;
				DEBUG_INFORMATION_FORMAT = dwarf;
				ENABLE_STRICT_OBJC_MSGSEND = YES;
				ENABLE_TESTABILITY = YES;
				GCC_C_LANGUAGE_STANDARD = gnu99;
				GCC_DYNAMIC_NO_PIC = NO;
				GCC_NO_COMMON_BLOCKS = YES;
				GCC_OPTIMIZATION_LEVEL = 0;
				GCC_PREPROCESSOR_DEFINITIONS = (
					"DEBUG=1",
					"$(inherited)",
				);
				GCC_WARN_64_TO_32_BIT_CONVERSION = YES;
				GCC_WARN_ABOUT_RETURN_TYPE = YES_ERROR;
				GCC_WARN_UNDECLARED_SELECTOR = YES;
				GCC_WARN_UNINITIALIZED_AUTOS = YES_AGGRESSIVE;
				GCC_WARN_UNUSED_FUNCTION = YES;
				GCC_WARN_UNUSED_VARIABLE = YES;
				IPHONEOS_DEPLOYMENT_TARGET = 9.3;
				MTL_ENABLE_DEBUG_INFO = YES;
				ONLY_ACTIVE_ARCH = YES;
				SDKROOT = iphoneos;
				SWIFT_OPTIMIZATION_LEVEL = "-Onone";
			};
			name = Debug;
		};
		507B09991C8C927000D324DF /* Release */ = {
			isa = XCBuildConfiguration;
			buildSettings = {
				ALWAYS_SEARCH_USER_PATHS = NO;
				CLANG_ANALYZER_NONNULL = YES;
				CLANG_CXX_LANGUAGE_STANDARD = "gnu++0x";
				CLANG_CXX_LIBRARY = "libc++";
				CLANG_ENABLE_MODULES = YES;
				CLANG_ENABLE_OBJC_ARC = YES;
				CLANG_WARN_BOOL_CONVERSION = YES;
				CLANG_WARN_CONSTANT_CONVERSION = YES;
				CLANG_WARN_DIRECT_OBJC_ISA_USAGE = YES_ERROR;
				CLANG_WARN_EMPTY_BODY = YES;
				CLANG_WARN_ENUM_CONVERSION = YES;
				CLANG_WARN_INT_CONVERSION = YES;
				CLANG_WARN_OBJC_ROOT_CLASS = YES_ERROR;
				CLANG_WARN_UNREACHABLE_CODE = YES;
				CLANG_WARN__DUPLICATE_METHOD_MATCH = YES;
				"CODE_SIGN_IDENTITY[sdk=iphoneos*]" = "iPhone Developer";
				COPY_PHASE_STRIP = NO;
				DEBUG_INFORMATION_FORMAT = "dwarf-with-dsym";
				ENABLE_NS_ASSERTIONS = NO;
				ENABLE_STRICT_OBJC_MSGSEND = YES;
				GCC_C_LANGUAGE_STANDARD = gnu99;
				GCC_NO_COMMON_BLOCKS = YES;
				GCC_WARN_64_TO_32_BIT_CONVERSION = YES;
				GCC_WARN_ABOUT_RETURN_TYPE = YES_ERROR;
				GCC_WARN_UNDECLARED_SELECTOR = YES;
				GCC_WARN_UNINITIALIZED_AUTOS = YES_AGGRESSIVE;
				GCC_WARN_UNUSED_FUNCTION = YES;
				GCC_WARN_UNUSED_VARIABLE = YES;
				IPHONEOS_DEPLOYMENT_TARGET = 9.3;
				MTL_ENABLE_DEBUG_INFO = NO;
				SDKROOT = iphoneos;
				VALIDATE_PRODUCT = YES;
			};
			name = Release;
		};
		507B099B1C8C927000D324DF /* Debug */ = {
			isa = XCBuildConfiguration;
			buildSettings = {
				ASSETCATALOG_COMPILER_APPICON_NAME = AppIcon;
				INFOPLIST_FILE = "Tapper-demo/Info.plist";
				LD_RUNPATH_SEARCH_PATHS = "$(inherited) @executable_path/Frameworks";
				PRODUCT_BUNDLE_IDENTIFIER = "com.faraazm.Tapper-demo";
				PRODUCT_NAME = "$(TARGET_NAME)";
				TARGETED_DEVICE_FAMILY = "1,2";
			};
			name = Debug;
		};
		507B099C1C8C927000D324DF /* Release */ = {
			isa = XCBuildConfiguration;
			buildSettings = {
				ASSETCATALOG_COMPILER_APPICON_NAME = AppIcon;
				INFOPLIST_FILE = "Tapper-demo/Info.plist";
				LD_RUNPATH_SEARCH_PATHS = "$(inherited) @executable_path/Frameworks";
				PRODUCT_BUNDLE_IDENTIFIER = "com.faraazm.Tapper-demo";
				PRODUCT_NAME = "$(TARGET_NAME)";
				TARGETED_DEVICE_FAMILY = "1,2";
			};
			name = Release;
		};
/* End XCBuildConfiguration section */

/* Begin XCConfigurationList section */
		507B09831C8C926F00D324DF /* Build configuration list for PBXProject "Tapper-demo" */ = {
			isa = XCConfigurationList;
			buildConfigurations = (
				507B09981C8C927000D324DF /* Debug */,
				507B09991C8C927000D324DF /* Release */,
			);
			defaultConfigurationIsVisible = 0;
			defaultConfigurationName = Release;
		};
		507B099A1C8C927000D324DF /* Build configuration list for PBXNativeTarget "Tapper-demo" */ = {
			isa = XCConfigurationList;
			buildConfigurations = (
				507B099B1C8C927000D324DF /* Debug */,
				507B099C1C8C927000D324DF /* Release */,
			);
			defaultConfigurationIsVisible = 0;
		};
/* End XCConfigurationList section */
	};
	rootObject = 507B09801C8C926F00D324DF /* Project object */;
}
